<?xml version="1.0" encoding="utf-8"?>
<Project ToolsVersion="4.0" xmlns="http://schemas.microsoft.com/developer/msbuild/2003">
  <ItemGroup>
    <Filter Include="Source Files">
      <UniqueIdentifier>{4FC737F1-C7A5-4376-A066-2A32D752A2FF}</UniqueIdentifier>
      <Extensions>cpp;c;cc;cxx;def;odl;idl;hpj;bat;asm;asmx</Extensions>
    </Filter>
    <Filter Include="Header Files">
      <UniqueIdentifier>{93995380-89BD-4b04-88EB-625FBE52EBFB}</UniqueIdentifier>
      <Extensions>h;hpp;hxx;hm;inl;inc;xsd</Extensions>
    </Filter>
    <Filter Include="Resource Files">
      <UniqueIdentifier>{67DA6AB6-F800-4c08-8B7A-83BB121AAD01}</UniqueIdentifier>
      <Extensions>rc;ico;cur;bmp;dlg;rc2;rct;bin;rgs;gif;jpg;jpeg;jpe;resx;tiff;tif;png;wav</Extensions>
    </Filter>
  </ItemGroup>
  <ItemGroup>
    <ClCompile Include="examinerdialog.cpp">
      <Filter>Source Files</Filter>
    </ClCompile>
    <ClCompile Include="Extruder.cpp">
      <Filter>Source Files</Filter>
    </ClCompile>
    <ClCompile Include="Flattener.cpp">
      <Filter>Source Files</Filter>
    </ClCompile>
    <ClCompile Include="FractalTreeDialog.cpp">
      <Filter>Source Files</Filter>
    </ClCompile>
    <ClCompile Include="GetFloatDialog.cpp">
      <Filter>Source Files</Filter>
    </ClCompile>
    <ClCompile Include="GetIntegerDialog.cpp">
      <Filter>Source Files</Filter>
    </ClCompile>
    <ClCompile Include="GetScalesDialog.cpp">
      <Filter>Source Files</Filter>
    </ClCompile>
    <ClCompile Include="GetStringDialog.cpp">
      <Filter>Source Files</Filter>
    </ClCompile>
    <ClCompile Include="grid.cpp">
      <Filter>Source Files</Filter>
    </ClCompile>
    <ClCompile Include="HoleDialog.cpp">
      <Filter>Source Files</Filter>
    </ClCompile>
    <ClCompile Include="Influence.cpp">
      <Filter>Source Files</Filter>
    </ClCompile>
    <ClCompile Include="Interface.cpp">
      <Filter>Source Files</Filter>
    </ClCompile>
    <ClCompile Include="LineManip.cpp">
      <Filter>Source Files</Filter>
    </ClCompile>
    <ClCompile Include="LineManipHilight.cpp">
      <Filter>Source Files</Filter>
    </ClCompile>
    <ClCompile Include="MainFrm.cpp">
      <Filter>Source Files</Filter>
    </ClCompile>
    <ClCompile Include="MarkerDialog.cpp">
      <Filter>Source Files</Filter>
    </ClCompile>
    <ClCompile Include="OneIntegerDlg.cpp">
      <Filter>Source Files</Filter>
    </ClCompile>
    <ClCompile Include="pMaker.cpp">
      <Filter>Source Files</Filter>
    </ClCompile>
    <ClCompile Include="pMakerDoc.cpp">
      <Filter>Source Files</Filter>
    </ClCompile>
    <ClCompile Include="pMakerView.cpp">
      <Filter>Source Files</Filter>
    </ClCompile>
    <ClCompile Include="SegmentDlg.cpp">
      <Filter>Source Files</Filter>
    </ClCompile>
    <ClCompile Include="stdafx.cpp">
      <Filter>Source Files</Filter>
    </ClCompile>
    <ClCompile Include="WhichBranchDialog.cpp">
      <Filter>Source Files</Filter>
    </ClCompile>
    <ClCompile Include="FractalTreeSpec.cpp">
      <Filter>Source Files</Filter>
    </ClCompile>
    <ClCompile Include="FractalTreeMaker.cpp">
      <Filter>Source Files</Filter>
    </ClCompile>
    <ClCompile Include="..\..\myInclude\PEntity.cpp">
      <Filter>Source Files</Filter>
    </ClCompile>
    <ClCompile Include="..\..\myInclude\PEntityMgr.cpp">
      <Filter>Source Files</Filter>
    </ClCompile>
    <ClCompile Include="..\..\myInclude\PManip.cpp">
      <Filter>Source Files</Filter>
    </ClCompile>
    <ClCompile Include="..\..\myInclude\ReadDXF.cpp">
      <Filter>Source Files</Filter>
    </ClCompile>
    <ClCompile Include="..\..\myInclude\WriteDXF.cpp">
      <Filter>Source Files</Filter>
    </ClCompile>
    <ClCompile Include="..\..\myInclude\Inspect.cpp">
      <Filter>Source Files</Filter>
    </ClCompile>
  </ItemGroup>
  <ItemGroup>
    <ClInclude Include="examinerdialog.h">
      <Filter>Header Files</Filter>
    </ClInclude>
    <ClInclude Include="Extruder.h">
      <Filter>Header Files</Filter>
    </ClInclude>
    <ClInclude Include="Flattener.h">
      <Filter>Header Files</Filter>
    </ClInclude>
    <ClInclude Include="FractalTreeDialog.h">
      <Filter>Header Files</Filter>
    </ClInclude>
    <ClInclude Include="GetFloatDialog.h">
      <Filter>Header Files</Filter>
    </ClInclude>
    <ClInclude Include="GetIntegerDialog.h">
      <Filter>Header Files</Filter>
    </ClInclude>
    <ClInclude Include="GetScalesDialog.h">
      <Filter>Header Files</Filter>
    </ClInclude>
    <ClInclude Include="GetStringDialog.h">
      <Filter>Header Files</Filter>
    </ClInclude>
    <ClInclude Include="grid.h">
      <Filter>Header Files</Filter>
    </ClInclude>
    <ClInclude Include="HoleDialog.h">
      <Filter>Header Files</Filter>
    </ClInclude>
    <ClInclude Include="Influence.h">
      <Filter>Header Files</Filter>
    </ClInclude>
    <ClInclude Include="Interface.h">
      <Filter>Header Files</Filter>
    </ClInclude>
    <ClInclude Include="LineManip.h">
      <Filter>Header Files</Filter>
    </ClInclude>
    <ClInclude Include="MainFrm.h">
      <Filter>Header Files</Filter>
    </ClInclude>
    <ClInclude Include="MarkerDialog.h">
      <Filter>Header Files</Filter>
    </ClInclude>
    <ClInclude Include="OneIntegerDlg.h">
      <Filter>Header Files</Filter>
    </ClInclude>
    <ClInclude Include="pMaker.h">
      <Filter>Header Files</Filter>
    </ClInclude>
    <ClInclude Include="pMakerDoc.h">
      <Filter>Header Files</Filter>
    </ClInclude>
    <ClInclude Include="pMakerView.h">
      <Filter>Header Files</Filter>
    </ClInclude>
    <ClInclude Include="Resource.h">
      <Filter>Header Files</Filter>
    </ClInclude>
    <ClInclude Include="SegmentDlg.h">
      <Filter>Header Files</Filter>
    </ClInclude>
    <ClInclude Include="SplineManip.h">
      <Filter>Header Files</Filter>
    </ClInclude>
    <ClInclude Include="stdafx.h">
      <Filter>Header Files</Filter>
    </ClInclude>
    <ClInclude Include="WhichBranchDialog.h">
      <Filter>Header Files</Filter>
    </ClInclude>
    <ClInclude Include="FractalTreeMaker.h">
      <Filter>Header Files</Filter>
    </ClInclude>
    <ClInclude Include="FractalTreeSpec.h">
      <Filter>Header Files</Filter>
    </ClInclude>
    <ClInclude Include="..\..\myInclude\PEntity.h">
      <Filter>Header Files</Filter>
    </ClInclude>
    <ClInclude Include="..\..\myInclude\PEntityMgr.h">
      <Filter>Header Files</Filter>
    </ClInclude>
    <ClInclude Include="..\..\myInclude\PManip.h">
      <Filter>Header Files</Filter>
    </ClInclude>
    <ClInclude Include="..\..\myInclude\ReadDXF.h">
      <Filter>Header Files</Filter>
    </ClInclude>
    <ClInclude Include="..\..\myInclude\WriteDXF.h">
      <Filter>Header Files</Filter>
    </ClInclude>
    <ClInclude Include="..\..\myInclude\Inspect.h">
      <Filter>Header Files</Filter>
    </ClInclude>
  </ItemGroup>
  <ItemGroup>
    <Image Include="res\pMaker.ico">
      <Filter>Resource Files</Filter>
    </Image>
    <Image Include="res\pMakerDoc.ico">
      <Filter>Resource Files</Filter>
    </Image>
    <Image Include="res\Toolbar.bmp">
      <Filter>Resource Files</Filter>
    </Image>
  </ItemGroup>
  <ItemGroup>
    <ResourceCompile Include="pMaker.rc">
      <Filter>Resource Files</Filter>
    </ResourceCompile>
  </ItemGroup>
  <ItemGroup>
    <None Include="res\pMaker.rc2">
      <Filter>Resource Files</Filter>
    </None>
  </ItemGroup>
  <ItemGroup>
    <Text Include="ReadMe.txt" />
  </ItemGroup>
</Project>